# This file was autogenerated by Stack.
# You should not edit this file by hand.
# For more information, please see the documentation at:
#   https://docs.haskellstack.org/en/stable/lock_files

packages:
- completed:
    hackage: easyrender-0.1.1.4@sha256:025cc8a2a57f20aad2ad7cbd4b5ca3745b514d4e6fe90b0867529c95d04f1e07,3308
    pantry-tree:
      size: 472
      sha256: 86b6987e2f48c300ba7700186a829bd9529ad6e0f8b2978fe46570ccb5fe424d
  original:
    hackage: easyrender-0.1.1.4
- completed:
    hackage: quipper-utils-0.9.0.0@sha256:eee9960e8645d6ac085a663fa61da131dc54547c4b3b0f82e807f9f96bab71b4,3516
    pantry-tree:
      size: 1266
      sha256: e8657031add2ac03e059bc4debc65abf38a0e324d75ffc64cce109309344b1a3
  original:
    hackage: quipper-utils-0.9.0.0
- completed:
    hackage: superdoc-0.1.2.9@sha256:a45e8207eaa2c635e4df950b12ad30adcc008d541b5c42cfc3a2c8892c2d529d,3138
    pantry-tree:
      size: 538
      sha256: 79c503b190afbbf216b8b46a0a677066d5470e1c2416f9443950e1682c162cca
  original:
    hackage: superdoc-0.1.2.9
- completed:
    hackage: newsynth-0.4.0.0@sha256:71fcbac705625db573affe35d76977d7d8c89e9a6bc88c1d64a27d0cdd32471b,4637
    pantry-tree:
      size: 2969
      sha256: 70f9bc9cc44573bc0aef8836128662056c7f7210af07ce7ede9d3a4c711f4463
  original:
    hackage: newsynth-0.4.0.0
- completed:
    hackage: Cabal-2.4.1.0@sha256:8aef21305c2324214944983e9dd118e65063b2e04f8c597db875298f602f6f12,21831
    pantry-tree:
      size: 31482
      sha256: 0d79ac300c7ac910d6a813b4de687498e51b6068e4f97503b8772dc9e9f0d36c
  original:
    hackage: Cabal-2.4.1.0
- completed:
    hackage: fixedprec-0.2.2.2@sha256:089c037e19a0bbc1c9a357fbbdeeba57fdb0f1a0ab4250d04d3de62d91d80829,796
    pantry-tree:
      size: 266
      sha256: 67e861b42990bffb5a717d85b5e36938b98b6cdfcc0760e6a94114216f3098b1
  original:
    hackage: fixedprec-0.2.2.2
snapshots:
- completed:
    size: 567677
    url: https://raw.githubusercontent.com/commercialhaskell/stackage-snapshots/master/lts/17/14.yaml
    sha256: 3740f22286bf5e6e3d82f88125e1c708b6e27847211f956b530aa5d83cf39383
  original:
    url: https://raw.githubusercontent.com/commercialhaskell/stackage-snapshots/master/lts/17/14.yaml
